
Microsoft Visual Studio Solution File, Format Version 12.00
# Visual Studio Version 17
VisualStudioVersion = 17.6.33815.320
MinimumVisualStudioVersion = 10.0.40219.1
Project("{FAE04EC0-301F-11D3-BF4B-00C04F79EFBC}") = "SEANEMAAPI", "SEANEMAAPI\SEANEMAAPI.csproj", "{4114F944-8419-4329-85D0-BB5DF09BC0CD}"
EndProject
Global
	GlobalSection(SolutionConfigurationPlatforms) = preSolution
		Debug|Any CPU = Debug|Any CPU
		Release|Any CPU = Release|Any CPU
	EndGlobalSection
	GlobalSection(ProjectConfigurationPlatforms) = postSolution
		{4114F944-8419-4329-85D0-BB5DF09BC0CD}.Debug|Any CPU.ActiveCfg = Debug|Any CPU
		{4114F944-8419-4329-85D0-BB5DF09BC0CD}.Debug|Any CPU.Build.0 = Debug|Any CPU
		{4114F944-8419-4329-85D0-BB5DF09BC0CD}.Release|Any CPU.ActiveCfg = Release|Any CPU
		{4114F944-8419-4329-85D0-BB5DF09BC0CD}.Release|Any CPU.Build.0 = Release|Any CPU
	EndGlobalSection
	GlobalSection(SolutionProperties) = preSolution
		HideSolutionNode = FALSE
	EndGlobalSection
	GlobalSection(ExtensibilityGlobals) = postSolution
		SolutionGuid = {200A3460-B97B-48AE-9AFF-61C3AB867C3B}
	EndGlobalSection
EndGlobal
